// !$*UTF8*$!
{
	archiveVersion = 1;
	classes = {
	};
	objectVersion = 46;
	objects = {

/* Begin PBXBuildFile section */
		23CE18961D12892F005A8D7B /* main.m in Sources */ = {isa = PBXBuildFile; fileRef = 23CE18951D12892F005A8D7B /* main.m */; };
		23CE18991D12892F005A8D7B /* AppDelegate.m in Sources */ = {isa = PBXBuildFile; fileRef = 23CE18981D12892F005A8D7B /* AppDelegate.m */; };
		23CE189C1D12892F005A8D7B /* ViewController.m in Sources */ = {isa = PBXBuildFile; fileRef = 23CE189B1D12892F005A8D7B /* ViewController.m */; };
		23CE189F1D12892F005A8D7B /* Main.storyboard in Resources */ = {isa = PBXBuildFile; fileRef = 23CE189D1D12892F005A8D7B /* Main.storyboard */; };
		23CE18A11D12892F005A8D7B /* Assets.xcassets in Resources */ = {isa = PBXBuildFile; fileRef = 23CE18A01D12892F005A8D7B /* Assets.xcassets */; };
		23CE18A41D12892F005A8D7B /* LaunchScreen.storyboard in Resources */ = {isa = PBXBuildFile; fileRef = 23CE18A21D12892F005A8D7B /* LaunchScreen.storyboard */; };
		23F6DAC31D17811F00DCA94C /* JCDBManager.m in Sources */ = {isa = PBXBuildFile; fileRef = 23F6DABA1D17811F00DCA94C /* JCDBManager.m */; };
		23F6DAC41D17811F00DCA94C /* JCRecord+JCDBOperation.m in Sources */ = {isa = PBXBuildFile; fileRef = 23F6DABC1D17811F00DCA94C /* JCRecord+JCDBOperation.m */; };
		23F6DAC51D17811F00DCA94C /* JCRecord.m in Sources */ = {isa = PBXBuildFile; fileRef = 23F6DABE1D17811F00DCA94C /* JCRecord.m */; };
		23F6DAC61D17811F00DCA94C /* JCRecordClassProperty.m in Sources */ = {isa = PBXBuildFile; fileRef = 23F6DAC01D17811F00DCA94C /* JCRecordClassProperty.m */; };
		23F6DACA1D17895B00DCA94C /* JCTestRecord.m in Sources */ = {isa = PBXBuildFile; fileRef = 23F6DAC91D17895B00DCA94C /* JCTestRecord.m */; };
		DB928E3EEB92949E4ECAF82B /* libPods-JCDBDemo.a in Frameworks */ = {isa = PBXBuildFile; fileRef = EEE60F992E1E89D6E2D6799F /* libPods-JCDBDemo.a */; };
/* End PBXBuildFile section */

/* Begin PBXFileReference section */
		23CE18921D12892F005A8D7B /* JCDBDemo.app */ = {isa = PBXFileReference; explicitFileType = wrapper.application; includeInIndex = 0; path = JCDBDemo.app; sourceTree = BUILT_PRODUCTS_DIR; };
		23CE18951D12892F005A8D7B /* main.m */ = {isa = PBXFileReference; lastKnownFileType = sourcecode.c.objc; path = main.m; sourceTree = "<group>"; };
		23CE18971D12892F005A8D7B /* AppDelegate.h */ = {isa = PBXFileReference; lastKnownFileType = sourcecode.c.h; path = AppDelegate.h; sourceTree = "<group>"; };
		23CE18981D12892F005A8D7B /* AppDelegate.m */ = {isa = PBXFileReference; lastKnownFileType = sourcecode.c.objc; path = AppDelegate.m; sourceTree = "<group>"; };
		23CE189A1D12892F005A8D7B /* ViewController.h */ = {isa = PBXFileReference; lastKnownFileType = sourcecode.c.h; path = ViewController.h; sourceTree = "<group>"; };
		23CE189B1D12892F005A8D7B /* ViewController.m */ = {isa = PBXFileReference; lastKnownFileType = sourcecode.c.objc; path = ViewController.m; sourceTree = "<group>"; };
		23CE189E1D12892F005A8D7B /* Base */ = {isa = PBXFileReference; lastKnownFileType = file.storyboard; name = Base; path = Base.lproj/Main.storyboard; sourceTree = "<group>"; };
		23CE18A01D12892F005A8D7B /* Assets.xcassets */ = {isa = PBXFileReference; lastKnownFileType = folder.assetcatalog; path = Assets.xcassets; sourceTree = "<group>"; };
		23CE18A31D12892F005A8D7B /* Base */ = {isa = PBXFileReference; lastKnownFileType = file.storyboard; name = Base; path = Base.lproj/LaunchScreen.storyboard; sourceTree = "<group>"; };
		23CE18A51D12892F005A8D7B /* Info.plist */ = {isa = PBXFileReference; lastKnownFileType = text.plist.xml; path = Info.plist; sourceTree = "<group>"; };
		23F6DAB81D17811F00DCA94C /* JCDB.h */ = {isa = PBXFileReference; fileEncoding = 4; lastKnownFileType = sourcecode.c.h; path = JCDB.h; sourceTree = "<group>"; };
		23F6DAB91D17811F00DCA94C /* JCDBManager.h */ = {isa = PBXFileReference; fileEncoding = 4; lastKnownFileType = sourcecode.c.h; path = JCDBManager.h; sourceTree = "<group>"; };
		23F6DABA1D17811F00DCA94C /* JCDBManager.m */ = {isa = PBXFileReference; fileEncoding = 4; lastKnownFileType = sourcecode.c.objc; path = JCDBManager.m; sourceTree = "<group>"; };
		23F6DABB1D17811F00DCA94C /* JCRecord+JCDBOperation.h */ = {isa = PBXFileReference; fileEncoding = 4; lastKnownFileType = sourcecode.c.h; path = "JCRecord+JCDBOperation.h"; sourceTree = "<group>"; };
		23F6DABC1D17811F00DCA94C /* JCRecord+JCDBOperation.m */ = {isa = PBXFileReference; fileEncoding = 4; lastKnownFileType = sourcecode.c.objc; path = "JCRecord+JCDBOperation.m"; sourceTree = "<group>"; };
		23F6DABD1D17811F00DCA94C /* JCRecord.h */ = {isa = PBXFileReference; fileEncoding = 4; lastKnownFileType = sourcecode.c.h; path = JCRecord.h; sourceTree = "<group>"; };
		23F6DABE1D17811F00DCA94C /* JCRecord.m */ = {isa = PBXFileReference; fileEncoding = 4; lastKnownFileType = sourcecode.c.objc; path = JCRecord.m; sourceTree = "<group>"; };
		23F6DABF1D17811F00DCA94C /* JCRecordClassProperty.h */ = {isa = PBXFileReference; fileEncoding = 4; lastKnownFileType = sourcecode.c.h; path = JCRecordClassProperty.h; sourceTree = "<group>"; };
		23F6DAC01D17811F00DCA94C /* JCRecordClassProperty.m */ = {isa = PBXFileReference; fileEncoding = 4; lastKnownFileType = sourcecode.c.objc; path = JCRecordClassProperty.m; sourceTree = "<group>"; };
		23F6DAC81D17895B00DCA94C /* JCTestRecord.h */ = {isa = PBXFileReference; fileEncoding = 4; lastKnownFileType = sourcecode.c.h; path = JCTestRecord.h; sourceTree = "<group>"; };
		23F6DAC91D17895B00DCA94C /* JCTestRecord.m */ = {isa = PBXFileReference; fileEncoding = 4; lastKnownFileType = sourcecode.c.objc; path = JCTestRecord.m; sourceTree = "<group>"; };
		5E3A52454C595762BA05BD67 /* Pods-JCDBDemo.release.xcconfig */ = {isa = PBXFileReference; includeInIndex = 1; lastKnownFileType = text.xcconfig; name = "Pods-JCDBDemo.release.xcconfig"; path = "Pods/Target Support Files/Pods-JCDBDemo/Pods-JCDBDemo.release.xcconfig"; sourceTree = "<group>"; };
		CC8A94B6B68838FD8AB17754 /* Pods-JCDBDemo.debug.xcconfig */ = {isa = PBXFileReference; includeInIndex = 1; lastKnownFileType = text.xcconfig; name = "Pods-JCDBDemo.debug.xcconfig"; path = "Pods/Target Support Files/Pods-JCDBDemo/Pods-JCDBDemo.debug.xcconfig"; sourceTree = "<group>"; };
		EEE60F992E1E89D6E2D6799F /* libPods-JCDBDemo.a */ = {isa = PBXFileReference; explicitFileType = archive.ar; includeInIndex = 0; path = "libPods-JCDBDemo.a"; sourceTree = BUILT_PRODUCTS_DIR; };
/* End PBXFileReference section */

/* Begin PBXFrameworksBuildPhase section */
		23CE188F1D12892F005A8D7B /* Frameworks */ = {
			isa = PBXFrameworksBuildPhase;
			buildActionMask = 2147483647;
			files = (
				DB928E3EEB92949E4ECAF82B /* libPods-JCDBDemo.a in Frameworks */,
			);
			runOnlyForDeploymentPostprocessing = 0;
		};
/* End PBXFrameworksBuildPhase section */

/* Begin PBXGroup section */
		23CE18791D1287D6005A8D7B = {
			isa = PBXGroup;
			children = (
				23F6DAB71D17811E00DCA94C /* JCDB */,
				23CE18931D12892F005A8D7B /* JCDBDemo */,
				23CE18841D1287D6005A8D7B /* Products */,
				621DBABACD2E9D893C2B9FA5 /* Pods */,
				2BA62D34523C1AE3E504FED0 /* Frameworks */,
			);
			sourceTree = "<group>";
		};
		23CE18841D1287D6005A8D7B /* Products */ = {
			isa = PBXGroup;
			children = (
				23CE18921D12892F005A8D7B /* JCDBDemo.app */,
			);
			name = Products;
			sourceTree = "<group>";
		};
		23CE18931D12892F005A8D7B /* JCDBDemo */ = {
			isa = PBXGroup;
			children = (
				23F6DAC81D17895B00DCA94C /* JCTestRecord.h */,
				23F6DAC91D17895B00DCA94C /* JCTestRecord.m */,
				23CE18971D12892F005A8D7B /* AppDelegate.h */,
				23CE18981D12892F005A8D7B /* AppDelegate.m */,
				23CE189A1D12892F005A8D7B /* ViewController.h */,
				23CE189B1D12892F005A8D7B /* ViewController.m */,
				23CE189D1D12892F005A8D7B /* Main.storyboard */,
				23CE18A01D12892F005A8D7B /* Assets.xcassets */,
				23CE18A21D12892F005A8D7B /* LaunchScreen.storyboard */,
				23CE18A51D12892F005A8D7B /* Info.plist */,
				23CE18941D12892F005A8D7B /* Supporting Files */,
			);
			path = JCDBDemo;
			sourceTree = "<group>";
		};
		23CE18941D12892F005A8D7B /* Supporting Files */ = {
			isa = PBXGroup;
			children = (
				23CE18951D12892F005A8D7B /* main.m */,
			);
			name = "Supporting Files";
			sourceTree = "<group>";
		};
		23F6DAB71D17811E00DCA94C /* JCDB */ = {
			isa = PBXGroup;
			children = (
				23F6DAB81D17811F00DCA94C /* JCDB.h */,
				23F6DAB91D17811F00DCA94C /* JCDBManager.h */,
				23F6DABA1D17811F00DCA94C /* JCDBManager.m */,
				23F6DABB1D17811F00DCA94C /* JCRecord+JCDBOperation.h */,
				23F6DABC1D17811F00DCA94C /* JCRecord+JCDBOperation.m */,
				23F6DABD1D17811F00DCA94C /* JCRecord.h */,
				23F6DABE1D17811F00DCA94C /* JCRecord.m */,
				23F6DABF1D17811F00DCA94C /* JCRecordClassProperty.h */,
				23F6DAC01D17811F00DCA94C /* JCRecordClassProperty.m */,
			);
			path = JCDB;
			sourceTree = "<group>";
		};
		2BA62D34523C1AE3E504FED0 /* Frameworks */ = {
			isa = PBXGroup;
			children = (
				EEE60F992E1E89D6E2D6799F /* libPods-JCDBDemo.a */,
			);
			name = Frameworks;
			sourceTree = "<group>";
		};
		621DBABACD2E9D893C2B9FA5 /* Pods */ = {
			isa = PBXGroup;
			children = (
				CC8A94B6B68838FD8AB17754 /* Pods-JCDBDemo.debug.xcconfig */,
				5E3A52454C595762BA05BD67 /* Pods-JCDBDemo.release.xcconfig */,
			);
			name = Pods;
			sourceTree = "<group>";
		};
/* End PBXGroup section */

/* Begin PBXNativeTarget section */
		23CE18911D12892F005A8D7B /* JCDBDemo */ = {
			isa = PBXNativeTarget;
			buildConfigurationList = 23CE18A61D12892F005A8D7B /* Build configuration list for PBXNativeTarget "JCDBDemo" */;
			buildPhases = (
				6B4991B8FD7D5ABBEC27EB08 /* [CP] Check Pods Manifest.lock */,
				23CE188E1D12892F005A8D7B /* Sources */,
				23CE188F1D12892F005A8D7B /* Frameworks */,
				23CE18901D12892F005A8D7B /* Resources */,
				B7146AAFB17B5AC049C97485 /* [CP] Embed Pods Frameworks */,
				66FA5325FA73ADF31AAF6979 /* [CP] Copy Pods Resources */,
			);
			buildRules = (
			);
			dependencies = (
			);
			name = JCDBDemo;
			productName = JCDBDemo;
			productReference = 23CE18921D12892F005A8D7B /* JCDBDemo.app */;
			productType = "com.apple.product-type.application";
		};
/* End PBXNativeTarget section */

/* Begin PBXProject section */
		23CE187A1D1287D6005A8D7B /* Project object */ = {
			isa = PBXProject;
			attributes = {
				LastUpgradeCheck = 0730;
				ORGANIZATIONNAME = "Boych<https://github.com/Boych>";
				TargetAttributes = {
					23CE18911D12892F005A8D7B = {
						CreatedOnToolsVersion = 7.3.1;
					};
				};
			};
			buildConfigurationList = 23CE187D1D1287D6005A8D7B /* Build configuration list for PBXProject "JCDB" */;
			compatibilityVersion = "Xcode 3.2";
			developmentRegion = English;
			hasScannedForEncodings = 0;
			knownRegions = (
				en,
				Base,
			);
			mainGroup = 23CE18791D1287D6005A8D7B;
			productRefGroup = 23CE18841D1287D6005A8D7B /* Products */;
			projectDirPath = "";
			projectRoot = "";
			targets = (
				23CE18911D12892F005A8D7B /* JCDBDemo */,
			);
		};
/* End PBXProject section */

/* Begin PBXResourcesBuildPhase section */
		23CE18901D12892F005A8D7B /* Resources */ = {
			isa = PBXResourcesBuildPhase;
			buildActionMask = 2147483647;
			files = (
				23CE18A41D12892F005A8D7B /* LaunchScreen.storyboard in Resources */,
				23CE18A11D12892F005A8D7B /* Assets.xcassets in Resources */,
				23CE189F1D12892F005A8D7B /* Main.storyboard in Resources */,
			);
			runOnlyForDeploymentPostprocessing = 0;
		};
/* End PBXResourcesBuildPhase section */

/* Begin PBXShellScriptBuildPhase section */
		66FA5325FA73ADF31AAF6979 /* [CP] Copy Pods Resources */ = {
			isa = PBXShellScriptBuildPhase;
			buildActionMask = 2147483647;
			files = (
			);
			inputPaths = (
			);
			name = "[CP] Copy Pods Resources";
			outputPaths = (
			);
			runOnlyForDeploymentPostprocessing = 0;
			shellPath = /bin/sh;
			shellScript = "\"${SRCROOT}/Pods/Target Support Files/Pods-JCDBDemo/Pods-JCDBDemo-resources.sh\"\n";
			showEnvVarsInLog = 0;
		};
		6B4991B8FD7D5ABBEC27EB08 /* [CP] Check Pods Manifest.lock */ = {
			isa = PBXShellScriptBuildPhase;
			buildActionMask = 2147483647;
			files = (
			);
			inputPaths = (
			);
			name = "[CP] Check Pods Manifest.lock";
			outputPaths = (
			);
			runOnlyForDeploymentPostprocessing = 0;
			shellPath = /bin/sh;
			shellScript = "diff \"${PODS_PODFILE_DIR_PATH}/Podfile.lock\" \"${PODS_ROOT}/Manifest.lock\" > /dev/null\nif [ $? != 0 ] ; then\n    # print error to STDERR\n    echo \"error: The sandbox is not in sync with the Podfile.lock. Run 'pod install' or update your CocoaPods installation.\" >&2\n    exit 1\nfi\n";
			showEnvVarsInLog = 0;
		};
		B7146AAFB17B5AC049C97485 /* [CP] Embed Pods Frameworks */ = {
			isa = PBXShellScriptBuildPhase;
			buildActionMask = 2147483647;
			files = (
			);
			inputPaths = (
			);
			name = "[CP] Embed Pods Frameworks";
			outputPaths = (
			);
			runOnlyForDeploymentPostprocessing = 0;
			shellPath = /bin/sh;
			shellScript = "\"${SRCROOT}/Pods/Target Support Files/Pods-JCDBDemo/Pods-JCDBDemo-frameworks.sh\"\n";
			showEnvVarsInLog = 0;
		};
/* End PBXShellScriptBuildPhase section */

/* Begin PBXSourcesBuildPhase section */
		23CE188E1D12892F005A8D7B /* Sources */ = {
			isa = PBXSourcesBuildPhase;
			buildActionMask = 2147483647;
			files = (
				23CE189C1D12892F005A8D7B /* ViewController.m in Sources */,
				23CE18991D12892F005A8D7B /* AppDelegate.m in Sources */,
				23F6DAC51D17811F00DCA94C /* JCRecord.m in Sources */,
				23F6DAC31D17811F00DCA94C /* JCDBManager.m in Sources */,
				23F6DAC61D17811F00DCA94C /* JCRecordClassProperty.m in Sources */,
				23CE18961D12892F005A8D7B /* main.m in Sources */,
				23F6DAC41D17811F00DCA94C /* JCRecord+JCDBOperation.m in Sources */,
				23F6DACA1D17895B00DCA94C /* JCTestRecord.m in Sources */,
			);
			runOnlyForDeploymentPostprocessing = 0;
		};
/* End PBXSourcesBuildPhase section */

/* Begin PBXVariantGroup section */
		23CE189D1D12892F005A8D7B /* Main.storyboard */ = {
			isa = PBXVariantGroup;
			children = (
				23CE189E1D12892F005A8D7B /* Base */,
			);
			name = Main.storyboard;
			sourceTree = "<group>";
		};
		23CE18A21D12892F005A8D7B /* LaunchScreen.storyboard */ = {
			isa = PBXVariantGroup;
			children = (
				23CE18A31D12892F005A8D7B /* Base */,
			);
			name = LaunchScreen.storyboard;
			sourceTree = "<group>";
		};
/* End PBXVariantGroup section */

/* Begin XCBuildConfiguration section */
		23CE18891D1287D6005A8D7B /* Debug */ = {
			isa = XCBuildConfiguration;
			buildSettings = {
				ALWAYS_SEARCH_USER_PATHS = NO;
				CLANG_ANALYZER_NONNULL = YES;
				CLANG_CXX_LANGUAGE_STANDARD = "gnu++0x";
				CLANG_CXX_LIBRARY = "libc++";
				CLANG_ENABLE_MODULES = YES;
				CLANG_ENABLE_OBJC_ARC = YES;
				CLANG_WARN_BOOL_CONVERSION = YES;
				CLANG_WARN_CONSTANT_CONVERSION = YES;
				CLANG_WARN_DIRECT_OBJC_ISA_USAGE = YES_ERROR;
				CLANG_WARN_EMPTY_BODY = YES;
				CLANG_WARN_ENUM_CONVERSION = YES;
				CLANG_WARN_INT_CONVERSION = YES;
				CLANG_WARN_OBJC_ROOT_CLASS = YES_ERROR;
				CLANG_WARN_UNREACHABLE_CODE = YES;
				CLANG_WARN__DUPLICATE_METHOD_MATCH = YES;
				"CODE_SIGN_IDENTITY[sdk=iphoneos*]" = "iPhone Developer";
				COPY_PHASE_STRIP = NO;
				CURRENT_PROJECT_VERSION = 1;
				DEBUG_INFORMATION_FORMAT = dwarf;
				ENABLE_STRICT_OBJC_MSGSEND = YES;
				ENABLE_TESTABILITY = YES;
				GCC_C_LANGUAGE_STANDARD = gnu99;
				GCC_DYNAMIC_NO_PIC = NO;
				GCC_NO_COMMON_BLOCKS = YES;
				GCC_OPTIMIZATION_LEVEL = 0;
				GCC_PREPROCESSOR_DEFINITIONS = (
					"DEBUG=1",
					"$(inherited)",
				);
				GCC_WARN_64_TO_32_BIT_CONVERSION = YES;
				GCC_WARN_ABOUT_RETURN_TYPE = YES_ERROR;
				GCC_WARN_UNDECLARED_SELECTOR = YES;
				GCC_WARN_UNINITIALIZED_AUTOS = YES_AGGRESSIVE;
				GCC_WARN_UNUSED_FUNCTION = YES;
				GCC_WARN_UNUSED_VARIABLE = YES;
				IPHONEOS_DEPLOYMENT_TARGET = 8.0;
				MTL_ENABLE_DEBUG_INFO = YES;
				ONLY_ACTIVE_ARCH = YES;
				SDKROOT = iphoneos;
				TARGETED_DEVICE_FAMILY = "1,2";
				VERSIONING_SYSTEM = "apple-generic";
				VERSION_INFO_PREFIX = "";
			};
			name = Debug;
		};
		23CE188A1D1287D6005A8D7B /* Release */ = {
			isa = XCBuildConfiguration;
			buildSettings = {
				ALWAYS_SEARCH_USER_PATHS = NO;
				CLANG_ANALYZER_NONNULL = YES;
				CLANG_CXX_LANGUAGE_STANDARD = "gnu++0x";
				CLANG_CXX_LIBRARY = "libc++";
				CLANG_ENABLE_MODULES = YES;
				CLANG_ENABLE_OBJC_ARC = YES;
				CLANG_WARN_BOOL_CONVERSION = YES;
				CLANG_WARN_CONSTANT_CONVERSION = YES;
				CLANG_WARN_DIRECT_OBJC_ISA_USAGE = YES_ERROR;
				CLANG_WARN_EMPTY_BODY = YES;
				CLANG_WARN_ENUM_CONVERSION = YES;
				CLANG_WARN_INT_CONVERSION = YES;
				CLANG_WARN_OBJC_ROOT_CLASS = YES_ERROR;
				CLANG_WARN_UNREACHABLE_CODE = YES;
				CLANG_WARN__DUPLICATE_METHOD_MATCH = YES;
				"CODE_SIGN_IDENTITY[sdk=iphoneos*]" = "iPhone Developer";
				COPY_PHASE_STRIP = NO;
				CURRENT_PROJECT_VERSION = 1;
				DEBUG_INFORMATION_FORMAT = "dwarf-with-dsym";
				ENABLE_NS_ASSERTIONS = NO;
				ENABLE_STRICT_OBJC_MSGSEND = YES;
				GCC_C_LANGUAGE_STANDARD = gnu99;
				GCC_NO_COMMON_BLOCKS = YES;
				GCC_WARN_64_TO_32_BIT_CONVERSION = YES;
				GCC_WARN_ABOUT_RETURN_TYPE = YES_ERROR;
				GCC_WARN_UNDECLARED_SELECTOR = YES;
				GCC_WARN_UNINITIALIZED_AUTOS = YES_AGGRESSIVE;
				GCC_WARN_UNUSED_FUNCTION = YES;
				GCC_WARN_UNUSED_VARIABLE = YES;
				IPHONEOS_DEPLOYMENT_TARGET = 8.0;
				MTL_ENABLE_DEBUG_INFO = NO;
				SDKROOT = iphoneos;
				TARGETED_DEVICE_FAMILY = "1,2";
				VALIDATE_PRODUCT = YES;
				VERSIONING_SYSTEM = "apple-generic";
				VERSION_INFO_PREFIX = "";
			};
			name = Release;
		};
		23CE18A71D12892F005A8D7B /* Debug */ = {
			isa = XCBuildConfiguration;
			baseConfigurationReference = CC8A94B6B68838FD8AB17754 /* Pods-JCDBDemo.debug.xcconfig */;
			buildSettings = {
				ASSETCATALOG_COMPILER_APPICON_NAME = AppIcon;
				INFOPLIST_FILE = JCDBDemo/Info.plist;
				LD_RUNPATH_SEARCH_PATHS = "$(inherited) @executable_path/Frameworks";
				PRODUCT_BUNDLE_IDENTIFIER = com.JC.JCDBDemo;
				PRODUCT_NAME = "$(TARGET_NAME)";
			};
			name = Debug;
		};
		23CE18A81D12892F005A8D7B /* Release */ = {
			isa = XCBuildConfiguration;
			baseConfigurationReference = 5E3A52454C595762BA05BD67 /* Pods-JCDBDemo.release.xcconfig */;
			buildSettings = {
				ASSETCATALOG_COMPILER_APPICON_NAME = AppIcon;
				INFOPLIST_FILE = JCDBDemo/Info.plist;
				LD_RUNPATH_SEARCH_PATHS = "$(inherited) @executable_path/Frameworks";
				PRODUCT_BUNDLE_IDENTIFIER = com.JC.JCDBDemo;
				PRODUCT_NAME = "$(TARGET_NAME)";
			};
			name = Release;
		};
/* End XCBuildConfiguration section */

/* Begin XCConfigurationList section */
		23CE187D1D1287D6005A8D7B /* Build configuration list for PBXProject "JCDB" */ = {
			isa = XCConfigurationList;
			buildConfigurations = (
				23CE18891D1287D6005A8D7B /* Debug */,
				23CE188A1D1287D6005A8D7B /* Release */,
			);
			defaultConfigurationIsVisible = 0;
			defaultConfigurationName = Release;
		};
		23CE18A61D12892F005A8D7B /* Build configuration list for PBXNativeTarget "JCDBDemo" */ = {
			isa = XCConfigurationList;
			buildConfigurations = (
				23CE18A71D12892F005A8D7B /* Debug */,
				23CE18A81D12892F005A8D7B /* Release */,
			);
			defaultConfigurationIsVisible = 0;
			defaultConfigurationName = Release;
		};
/* End XCConfigurationList section */
	};
	rootObject = 23CE187A1D1287D6005A8D7B /* Project object */;
}
